
Microsoft Visual Studio Solution File, Format Version 12.00
# Visual Studio 15
VisualStudioVersion = 15.0.28307.168
MinimumVisualStudioVersion = 10.0.40219.1
Project("{FAE04EC0-301F-11D3-BF4B-00C04F79EFBC}") = "lab_01_hello_world", "lab_01_hello_world\lab_01_hello_world.csproj", "{D110E94A-CAAF-4677-95D8-1351D5F84880}"
EndProject
Project("{FAE04EC0-301F-11D3-BF4B-00C04F79EFBC}") = "lab_02_fizz_buzz", "lab_02_fizz_buzz\lab_02_fizz_buzz.csproj", "{181AE2CA-8FF6-41D8-9196-E9FC820B3264}"
EndProject
Project("{FAE04EC0-301F-11D3-BF4B-00C04F79EFBC}") = "Lab_03_loops", "Lab_03_loops\Lab_03_loops.csproj", "{30CE35AC-21D6-4148-8182-3D4E3007C912}"
EndProject
Project("{FAE04EC0-301F-11D3-BF4B-00C04F79EFBC}") = "lab_04_dll", "lab_04_dll\lab_04_dll.csproj", "{E555978B-EEBD-44DC-99E4-3BDACB432B10}"
EndProject
Project("{FAE04EC0-301F-11D3-BF4B-00C04F79EFBC}") = "lab_05_use_dll", "lab_05_use_dll\lab_05_use_dll.csproj", "{6E1453C0-2A91-4A21-A368-862528CE359C}"
EndProject
Project("{FAE04EC0-301F-11D3-BF4B-00C04F79EFBC}") = "lab_06_namespace", "lab_06_namespace\lab_06_namespace.csproj", "{B67E1045-4112-4AEC-B6EA-28EDAFF4FD6A}"
EndProject
Project("{FAE04EC0-301F-11D3-BF4B-00C04F79EFBC}") = "lab_07_winforms", "lab_07_winforms\lab_07_winforms.csproj", "{32C0FBF6-8099-4F4D-B6B9-E135318A8345}"
EndProject
Project("{FAE04EC0-301F-11D3-BF4B-00C04F79EFBC}") = "lab_08_loops", "lab_08_loops\lab_08_loops.csproj", "{0917EAA7-D7F0-43ED-A7EE-DB9AA13D4C27}"
EndProject
Project("{FAE04EC0-301F-11D3-BF4B-00C04F79EFBC}") = "lab_09_operators", "lab_09_operators\lab_09_operators.csproj", "{F6CA453B-D80D-4389-AD03-CCAE070ACA43}"
EndProject
Project("{FAE04EC0-301F-11D3-BF4B-00C04F79EFBC}") = "lab_10_bodmas", "lab_10_bodmas\lab_10_bodmas.csproj", "{F0945A0E-ADAF-478E-9F5E-320CD8E41FFC}"
EndProject
Project("{FAE04EC0-301F-11D3-BF4B-00C04F79EFBC}") = "lab_11_data_types", "lab_11_data_types\lab_11_data_types.csproj", "{5FACA715-655E-4777-B717-C9D214B62D77}"
EndProject
Project("{FAE04EC0-301F-11D3-BF4B-00C04F79EFBC}") = "lab_12_review", "lab_12_review\lab_12_review.csproj", "{512E879D-7FFB-4863-8367-DD15D1FA0403}"
EndProject
Project("{FAE04EC0-301F-11D3-BF4B-00C04F79EFBC}") = "lab_13_debug", "lab_13_debug\lab_13_debug.csproj", "{866EA079-8638-419D-B0C4-9BAC8BAAF7BA}"
EndProject
Project("{FAE04EC0-301F-11D3-BF4B-00C04F79EFBC}") = "lab_14_wpf_demo", "lab_14_wpf_demo\lab_14_wpf_demo.csproj", "{FDA208C8-0BD3-4B0B-AA0C-01C874524D04}"
EndProject
Project("{FAE04EC0-301F-11D3-BF4B-00C04F79EFBC}") = "lab_15_rounding_errors", "lab_15_rounding_errors\lab_15_rounding_errors.csproj", "{EEB02E78-73FF-4F3F-B05E-27A917B033EC}"
EndProject
Project("{FAE04EC0-301F-11D3-BF4B-00C04F79EFBC}") = "lab_16_null", "lab_16_null\lab_16_null.csproj", "{BA523A8A-0E9A-4084-9F8E-7901E4BC766F}"
EndProject
Project("{FAE04EC0-301F-11D3-BF4B-00C04F79EFBC}") = "lab_17_datetime", "lab_17_datetime\lab_17_datetime.csproj", "{80DC9A7F-7D0D-49D1-9A32-DF3E3A41BE11}"
EndProject
Project("{FAE04EC0-301F-11D3-BF4B-00C04F79EFBC}") = "lab_18_data_types", "lab_18_data_types\lab_18_data_types.csproj", "{64D0C083-E485-444D-802B-D3FF82EC5E40}"
EndProject
Project("{FAE04EC0-301F-11D3-BF4B-00C04F79EFBC}") = "lab_19_casting", "lab_19_casting\lab_19_casting.csproj", "{799C9DF9-6174-4592-B785-7D8CC3BE7DB1}"
EndProject
Project("{FAE04EC0-301F-11D3-BF4B-00C04F79EFBC}") = "lab_20_truth_tables", "lab_20_truth_tables\lab_20_truth_tables.csproj", "{1E3F0F5A-F86A-48A8-93D1-C81583DA6BC4}"
EndProject
Project("{FAE04EC0-301F-11D3-BF4B-00C04F79EFBC}") = "lab101_basic_coding", "lab_101_basic_coding\lab101_basic_coding.csproj", "{C6E0645F-2DA4-4CFE-9CA9-0A72595BE002}"
EndProject
Project("{FAE04EC0-301F-11D3-BF4B-00C04F79EFBC}") = "lab_21_review", "lab_21_review\lab_21_review.csproj", "{2D842A0D-0EE0-4B4F-954A-1DBF81EE9B19}"
EndProject
Global
	GlobalSection(SolutionConfigurationPlatforms) = preSolution
		Debug|Any CPU = Debug|Any CPU
		Release|Any CPU = Release|Any CPU
	EndGlobalSection
	GlobalSection(ProjectConfigurationPlatforms) = postSolution
		{D110E94A-CAAF-4677-95D8-1351D5F84880}.Debug|Any CPU.ActiveCfg = Release|Any CPU
		{D110E94A-CAAF-4677-95D8-1351D5F84880}.Debug|Any CPU.Build.0 = Release|Any CPU
		{D110E94A-CAAF-4677-95D8-1351D5F84880}.Release|Any CPU.ActiveCfg = Release|Any CPU
		{D110E94A-CAAF-4677-95D8-1351D5F84880}.Release|Any CPU.Build.0 = Release|Any CPU
		{181AE2CA-8FF6-41D8-9196-E9FC820B3264}.Debug|Any CPU.ActiveCfg = Debug|Any CPU
		{181AE2CA-8FF6-41D8-9196-E9FC820B3264}.Debug|Any CPU.Build.0 = Debug|Any CPU
		{181AE2CA-8FF6-41D8-9196-E9FC820B3264}.Release|Any CPU.ActiveCfg = Release|Any CPU
		{181AE2CA-8FF6-41D8-9196-E9FC820B3264}.Release|Any CPU.Build.0 = Release|Any CPU
		{30CE35AC-21D6-4148-8182-3D4E3007C912}.Debug|Any CPU.ActiveCfg = Debug|Any CPU
		{30CE35AC-21D6-4148-8182-3D4E3007C912}.Debug|Any CPU.Build.0 = Debug|Any CPU
		{30CE35AC-21D6-4148-8182-3D4E3007C912}.Release|Any CPU.ActiveCfg = Release|Any CPU
		{30CE35AC-21D6-4148-8182-3D4E3007C912}.Release|Any CPU.Build.0 = Release|Any CPU
		{E555978B-EEBD-44DC-99E4-3BDACB432B10}.Debug|Any CPU.ActiveCfg = Debug|Any CPU
		{E555978B-EEBD-44DC-99E4-3BDACB432B10}.Debug|Any CPU.Build.0 = Debug|Any CPU
		{E555978B-EEBD-44DC-99E4-3BDACB432B10}.Release|Any CPU.ActiveCfg = Release|Any CPU
		{E555978B-EEBD-44DC-99E4-3BDACB432B10}.Release|Any CPU.Build.0 = Release|Any CPU
		{6E1453C0-2A91-4A21-A368-862528CE359C}.Debug|Any CPU.ActiveCfg = Debug|Any CPU
		{6E1453C0-2A91-4A21-A368-862528CE359C}.Debug|Any CPU.Build.0 = Debug|Any CPU
		{6E1453C0-2A91-4A21-A368-862528CE359C}.Release|Any CPU.ActiveCfg = Release|Any CPU
		{6E1453C0-2A91-4A21-A368-862528CE359C}.Release|Any CPU.Build.0 = Release|Any CPU
		{B67E1045-4112-4AEC-B6EA-28EDAFF4FD6A}.Debug|Any CPU.ActiveCfg = Debug|Any CPU
		{B67E1045-4112-4AEC-B6EA-28EDAFF4FD6A}.Debug|Any CPU.Build.0 = Debug|Any CPU
		{B67E1045-4112-4AEC-B6EA-28EDAFF4FD6A}.Release|Any CPU.ActiveCfg = Release|Any CPU
		{B67E1045-4112-4AEC-B6EA-28EDAFF4FD6A}.Release|Any CPU.Build.0 = Release|Any CPU
		{32C0FBF6-8099-4F4D-B6B9-E135318A8345}.Debug|Any CPU.ActiveCfg = Debug|Any CPU
		{32C0FBF6-8099-4F4D-B6B9-E135318A8345}.Debug|Any CPU.Build.0 = Debug|Any CPU
		{32C0FBF6-8099-4F4D-B6B9-E135318A8345}.Release|Any CPU.ActiveCfg = Release|Any CPU
		{32C0FBF6-8099-4F4D-B6B9-E135318A8345}.Release|Any CPU.Build.0 = Release|Any CPU
		{0917EAA7-D7F0-43ED-A7EE-DB9AA13D4C27}.Debug|Any CPU.ActiveCfg = Debug|Any CPU
		{0917EAA7-D7F0-43ED-A7EE-DB9AA13D4C27}.Debug|Any CPU.Build.0 = Debug|Any CPU
		{0917EAA7-D7F0-43ED-A7EE-DB9AA13D4C27}.Release|Any CPU.ActiveCfg = Release|Any CPU
		{0917EAA7-D7F0-43ED-A7EE-DB9AA13D4C27}.Release|Any CPU.Build.0 = Release|Any CPU
		{F6CA453B-D80D-4389-AD03-CCAE070ACA43}.Debug|Any CPU.ActiveCfg = Debug|Any CPU
		{F6CA453B-D80D-4389-AD03-CCAE070ACA43}.Debug|Any CPU.Build.0 = Debug|Any CPU
		{F6CA453B-D80D-4389-AD03-CCAE070ACA43}.Release|Any CPU.ActiveCfg = Release|Any CPU
		{F6CA453B-D80D-4389-AD03-CCAE070ACA43}.Release|Any CPU.Build.0 = Release|Any CPU
		{F0945A0E-ADAF-478E-9F5E-320CD8E41FFC}.Debug|Any CPU.ActiveCfg = Debug|Any CPU
		{F0945A0E-ADAF-478E-9F5E-320CD8E41FFC}.Debug|Any CPU.Build.0 = Debug|Any CPU
		{F0945A0E-ADAF-478E-9F5E-320CD8E41FFC}.Release|Any CPU.ActiveCfg = Release|Any CPU
		{F0945A0E-ADAF-478E-9F5E-320CD8E41FFC}.Release|Any CPU.Build.0 = Release|Any CPU
		{5FACA715-655E-4777-B717-C9D214B62D77}.Debug|Any CPU.ActiveCfg = Debug|Any CPU
		{5FACA715-655E-4777-B717-C9D214B62D77}.Debug|Any CPU.Build.0 = Debug|Any CPU
		{5FACA715-655E-4777-B717-C9D214B62D77}.Release|Any CPU.ActiveCfg = Release|Any CPU
		{5FACA715-655E-4777-B717-C9D214B62D77}.Release|Any CPU.Build.0 = Release|Any CPU
		{512E879D-7FFB-4863-8367-DD15D1FA0403}.Debug|Any CPU.ActiveCfg = Debug|Any CPU
		{512E879D-7FFB-4863-8367-DD15D1FA0403}.Debug|Any CPU.Build.0 = Debug|Any CPU
		{512E879D-7FFB-4863-8367-DD15D1FA0403}.Release|Any CPU.ActiveCfg = Release|Any CPU
		{512E879D-7FFB-4863-8367-DD15D1FA0403}.Release|Any CPU.Build.0 = Release|Any CPU
		{866EA079-8638-419D-B0C4-9BAC8BAAF7BA}.Debug|Any CPU.ActiveCfg = Release|Any CPU
		{866EA079-8638-419D-B0C4-9BAC8BAAF7BA}.Debug|Any CPU.Build.0 = Release|Any CPU
		{866EA079-8638-419D-B0C4-9BAC8BAAF7BA}.Release|Any CPU.ActiveCfg = Release|Any CPU
		{866EA079-8638-419D-B0C4-9BAC8BAAF7BA}.Release|Any CPU.Build.0 = Release|Any CPU
		{FDA208C8-0BD3-4B0B-AA0C-01C874524D04}.Debug|Any CPU.ActiveCfg = Debug|Any CPU
		{FDA208C8-0BD3-4B0B-AA0C-01C874524D04}.Debug|Any CPU.Build.0 = Debug|Any CPU
		{FDA208C8-0BD3-4B0B-AA0C-01C874524D04}.Release|Any CPU.ActiveCfg = Release|Any CPU
		{FDA208C8-0BD3-4B0B-AA0C-01C874524D04}.Release|Any CPU.Build.0 = Release|Any CPU
		{EEB02E78-73FF-4F3F-B05E-27A917B033EC}.Debug|Any CPU.ActiveCfg = Debug|Any CPU
		{EEB02E78-73FF-4F3F-B05E-27A917B033EC}.Debug|Any CPU.Build.0 = Debug|Any CPU
		{EEB02E78-73FF-4F3F-B05E-27A917B033EC}.Release|Any CPU.ActiveCfg = Release|Any CPU
		{EEB02E78-73FF-4F3F-B05E-27A917B033EC}.Release|Any CPU.Build.0 = Release|Any CPU
		{BA523A8A-0E9A-4084-9F8E-7901E4BC766F}.Debug|Any CPU.ActiveCfg = Debug|Any CPU
		{BA523A8A-0E9A-4084-9F8E-7901E4BC766F}.Debug|Any CPU.Build.0 = Debug|Any CPU
		{BA523A8A-0E9A-4084-9F8E-7901E4BC766F}.Release|Any CPU.ActiveCfg = Release|Any CPU
		{BA523A8A-0E9A-4084-9F8E-7901E4BC766F}.Release|Any CPU.Build.0 = Release|Any CPU
		{80DC9A7F-7D0D-49D1-9A32-DF3E3A41BE11}.Debug|Any CPU.ActiveCfg = Debug|Any CPU
		{80DC9A7F-7D0D-49D1-9A32-DF3E3A41BE11}.Debug|Any CPU.Build.0 = Debug|Any CPU
		{80DC9A7F-7D0D-49D1-9A32-DF3E3A41BE11}.Release|Any CPU.ActiveCfg = Release|Any CPU
		{80DC9A7F-7D0D-49D1-9A32-DF3E3A41BE11}.Release|Any CPU.Build.0 = Release|Any CPU
		{64D0C083-E485-444D-802B-D3FF82EC5E40}.Debug|Any CPU.ActiveCfg = Debug|Any CPU
		{64D0C083-E485-444D-802B-D3FF82EC5E40}.Debug|Any CPU.Build.0 = Debug|Any CPU
		{64D0C083-E485-444D-802B-D3FF82EC5E40}.Release|Any CPU.ActiveCfg = Release|Any CPU
		{64D0C083-E485-444D-802B-D3FF82EC5E40}.Release|Any CPU.Build.0 = Release|Any CPU
		{799C9DF9-6174-4592-B785-7D8CC3BE7DB1}.Debug|Any CPU.ActiveCfg = Debug|Any CPU
		{799C9DF9-6174-4592-B785-7D8CC3BE7DB1}.Debug|Any CPU.Build.0 = Debug|Any CPU
		{799C9DF9-6174-4592-B785-7D8CC3BE7DB1}.Release|Any CPU.ActiveCfg = Release|Any CPU
		{799C9DF9-6174-4592-B785-7D8CC3BE7DB1}.Release|Any CPU.Build.0 = Release|Any CPU
		{1E3F0F5A-F86A-48A8-93D1-C81583DA6BC4}.Debug|Any CPU.ActiveCfg = Debug|Any CPU
		{1E3F0F5A-F86A-48A8-93D1-C81583DA6BC4}.Debug|Any CPU.Build.0 = Debug|Any CPU
		{1E3F0F5A-F86A-48A8-93D1-C81583DA6BC4}.Release|Any CPU.ActiveCfg = Release|Any CPU
		{1E3F0F5A-F86A-48A8-93D1-C81583DA6BC4}.Release|Any CPU.Build.0 = Release|Any CPU
		{C6E0645F-2DA4-4CFE-9CA9-0A72595BE002}.Debug|Any CPU.ActiveCfg = Debug|Any CPU
		{C6E0645F-2DA4-4CFE-9CA9-0A72595BE002}.Debug|Any CPU.Build.0 = Debug|Any CPU
		{C6E0645F-2DA4-4CFE-9CA9-0A72595BE002}.Release|Any CPU.ActiveCfg = Release|Any CPU
		{C6E0645F-2DA4-4CFE-9CA9-0A72595BE002}.Release|Any CPU.Build.0 = Release|Any CPU
		{2D842A0D-0EE0-4B4F-954A-1DBF81EE9B19}.Debug|Any CPU.ActiveCfg = Debug|Any CPU
		{2D842A0D-0EE0-4B4F-954A-1DBF81EE9B19}.Debug|Any CPU.Build.0 = Debug|Any CPU
		{2D842A0D-0EE0-4B4F-954A-1DBF81EE9B19}.Release|Any CPU.ActiveCfg = Release|Any CPU
		{2D842A0D-0EE0-4B4F-954A-1DBF81EE9B19}.Release|Any CPU.Build.0 = Release|Any CPU
	EndGlobalSection
	GlobalSection(SolutionProperties) = preSolution
		HideSolutionNode = FALSE
	EndGlobalSection
	GlobalSection(ExtensibilityGlobals) = postSolution
		SolutionGuid = {A95BEA37-6123-4C43-80AD-51F0C7EE95E7}
	EndGlobalSection
EndGlobal
